
Microsoft Visual Studio Solution File, Format Version 12.00
# Visual Studio Version 17
VisualStudioVersion = 17.0.31903.59
MinimumVisualStudioVersion = 10.0.40219.1
Project("{FAE04EC0-301F-11D3-BF4B-00C04F79EFBC}") = "stuff.graph.net", "stuff.graph.net\stuff.graph.net.csproj", "{CD2013D8-319C-4BD9-8302-233EA1544456}"
EndProject
Project("{FAE04EC0-301F-11D3-BF4B-00C04F79EFBC}") = "stuff.graph.serializable.net", "stuff.graph.serializable.net\stuff.graph.serializable.net.csproj", "{6BCCF06A-2D61-481F-A810-726CAAD068BD}"
EndProject
Project("{FAE04EC0-301F-11D3-BF4B-00C04F79EFBC}") = "stuff.graph.astar.net", "stuff.graph.a-star.net\stuff.graph.astar.net.csproj", "{104C5739-B8BB-432F-929C-617E26984695}"
EndProject
Project("{FAE04EC0-301F-11D3-BF4B-00C04F79EFBC}") = "stuff.graph.dijkstra.net", "stuff.graph.dijkstra.net\stuff.graph.dijkstra.net.csproj", "{59C5C517-FB4E-49E3-A90A-B541217F740C}"
EndProject
Global
	GlobalSection(SolutionConfigurationPlatforms) = preSolution
		Debug|Any CPU = Debug|Any CPU
		Release|Any CPU = Release|Any CPU
	EndGlobalSection
	GlobalSection(ProjectConfigurationPlatforms) = postSolution
		{CD2013D8-319C-4BD9-8302-233EA1544456}.Debug|Any CPU.ActiveCfg = Debug|Any CPU
		{CD2013D8-319C-4BD9-8302-233EA1544456}.Debug|Any CPU.Build.0 = Debug|Any CPU
		{CD2013D8-319C-4BD9-8302-233EA1544456}.Release|Any CPU.ActiveCfg = Release|Any CPU
		{CD2013D8-319C-4BD9-8302-233EA1544456}.Release|Any CPU.Build.0 = Release|Any CPU
		{6BCCF06A-2D61-481F-A810-726CAAD068BD}.Debug|Any CPU.ActiveCfg = Debug|Any CPU
		{6BCCF06A-2D61-481F-A810-726CAAD068BD}.Debug|Any CPU.Build.0 = Debug|Any CPU
		{6BCCF06A-2D61-481F-A810-726CAAD068BD}.Release|Any CPU.ActiveCfg = Release|Any CPU
		{6BCCF06A-2D61-481F-A810-726CAAD068BD}.Release|Any CPU.Build.0 = Release|Any CPU
		{104C5739-B8BB-432F-929C-617E26984695}.Debug|Any CPU.ActiveCfg = Debug|Any CPU
		{104C5739-B8BB-432F-929C-617E26984695}.Debug|Any CPU.Build.0 = Debug|Any CPU
		{104C5739-B8BB-432F-929C-617E26984695}.Release|Any CPU.ActiveCfg = Release|Any CPU
		{104C5739-B8BB-432F-929C-617E26984695}.Release|Any CPU.Build.0 = Release|Any CPU
		{59C5C517-FB4E-49E3-A90A-B541217F740C}.Debug|Any CPU.ActiveCfg = Debug|Any CPU
		{59C5C517-FB4E-49E3-A90A-B541217F740C}.Debug|Any CPU.Build.0 = Debug|Any CPU
		{59C5C517-FB4E-49E3-A90A-B541217F740C}.Release|Any CPU.ActiveCfg = Release|Any CPU
		{59C5C517-FB4E-49E3-A90A-B541217F740C}.Release|Any CPU.Build.0 = Release|Any CPU
	EndGlobalSection
	GlobalSection(SolutionProperties) = preSolution
		HideSolutionNode = FALSE
	EndGlobalSection
EndGlobal
