
Microsoft Visual Studio Solution File, Format Version 12.00
# Visual Studio Version 17
VisualStudioVersion = 17.0.31903.59
MinimumVisualStudioVersion = 10.0.40219.1
Project("{FAE04EC0-301F-11D3-BF4B-00C04F79EFBC}") = "stuff.graph.net", "stuff.graph.net\stuff.graph.net.csproj", "{CD2013D8-319C-4BD9-8302-233EA1544456}"
EndProject
Project("{FAE04EC0-301F-11D3-BF4B-00C04F79EFBC}") = "stuff.graph.serializable.net", "stuff.graph.serializable.net\stuff.graph.serializable.net.csproj", "{6BCCF06A-2D61-481F-A810-726CAAD068BD}"
EndProject
Project("{FAE04EC0-301F-11D3-BF4B-00C04F79EFBC}") = "stuff.graph.astar.net", "stuff.graph.astar.net\stuff.graph.astar.net.csproj", "{104C5739-B8BB-432F-929C-617E26984695}"
EndProject
Project("{FAE04EC0-301F-11D3-BF4B-00C04F79EFBC}") = "stuff.graph.dijkstra.net", "stuff.graph.dijkstra.net\stuff.graph.dijkstra.net.csproj", "{59C5C517-FB4E-49E3-A90A-B541217F740C}"
EndProject
Project("{FAE04EC0-301F-11D3-BF4B-00C04F79EFBC}") = "stuff.graph.tests", "stuff.graph.tests\stuff.graph.tests.csproj", "{5AA748F3-E0AC-4BCB-B6DF-EF45526585E1}"
EndProject
Project("{FAE04EC0-301F-11D3-BF4B-00C04F79EFBC}") = "stuff.graph.algorithms.net", "stuff.graph.algorithms.net\stuff.graph.algorithms.net.csproj", "{8ED11DE5-D912-4F6D-BAA6-47281D63D5CF}"
EndProject
Project("{FAE04EC0-301F-11D3-BF4B-00C04F79EFBC}") = "stuff.graph.mwst.net", "stuff.graph.mwst.net\stuff.graph.mwst.net.csproj", "{5B75335B-35A3-4E90-9AE5-788BBBBFDCDD}"
EndProject
Project("{FAE04EC0-301F-11D3-BF4B-00C04F79EFBC}") = "stuff.graph.wcc.net", "stuff.graph.wcc.net\stuff.graph.wcc.net.csproj", "{AF74584F-D9D4-41C5-97E7-692272374A9C}"
EndProject
Project("{FAE04EC0-301F-11D3-BF4B-00C04F79EFBC}") = "stuff.graph.pagerank.net", "stuff.graph.pagerank.net\stuff.graph.pagerank.net.csproj", "{F3B62F6A-1148-4DBF-BFFC-A473F82C8D32}"
EndProject
Project("{FAE04EC0-301F-11D3-BF4B-00C04F79EFBC}") = "stuff.graph.dorogovtsevmendes.net", "stuff.graph.dorogovtsevmendes.net\stuff.graph.dorogovtsevmendes.net.csproj", "{A2ECD9DB-FB12-405A-88E0-206BAA87854A}"
EndProject
Project("{FAE04EC0-301F-11D3-BF4B-00C04F79EFBC}") = "stuff.graph.erdosrenyi.net", "stuff.graph.erdosrenyi.net\stuff.graph.erdosrenyi.net.csproj", "{4F036B60-A23D-4143-BAA1-995B92070C1A}"
EndProject
Project("{FAE04EC0-301F-11D3-BF4B-00C04F79EFBC}") = "stuff.graph.wattsstrogatz.net", "stuff.graph.wattsstrogatz.net\stuff.graph.wattsstrogatz.net.csproj", "{F630C1DC-1183-40D4-B881-8A7DAC874556}"
EndProject
Project("{FAE04EC0-301F-11D3-BF4B-00C04F79EFBC}") = "stuff.graph.cost.net", "stuff.graph.cost.net\stuff.graph.cost.net.csproj", "{24EBAEC5-EA62-48B3-881A-47290012E927}"
EndProject
Project("{FAE04EC0-301F-11D3-BF4B-00C04F79EFBC}") = "stuff.graph.sortingbarrier.net", "stuff.graph.sortingbarrier.net\stuff.graph.sortingbarrier.net.csproj", "{A48A5326-FC2F-4353-8300-53DA52960316}"
EndProject
Project("{FAE04EC0-301F-11D3-BF4B-00C04F79EFBC}") = "stuff.graph.di.net", "stuff.graph.di.net\stuff.graph.di.net.csproj", "{1AACADD9-B41F-45E2-BA2C-9FC15680C48A}"
EndProject
Project("{FAE04EC0-301F-11D3-BF4B-00C04F79EFBC}") = "stuff.graph.benchmark.net", "stuff.graph.benchmark.net\stuff.graph.benchmark.net.csproj", "{E78459E9-0810-49DA-9146-ECAF2D11A8A5}"
EndProject
Global
	GlobalSection(SolutionConfigurationPlatforms) = preSolution
		Debug|Any CPU = Debug|Any CPU
		Release|Any CPU = Release|Any CPU
	EndGlobalSection
	GlobalSection(ProjectConfigurationPlatforms) = postSolution
		{CD2013D8-319C-4BD9-8302-233EA1544456}.Debug|Any CPU.ActiveCfg = Debug|Any CPU
		{CD2013D8-319C-4BD9-8302-233EA1544456}.Debug|Any CPU.Build.0 = Debug|Any CPU
		{CD2013D8-319C-4BD9-8302-233EA1544456}.Release|Any CPU.ActiveCfg = Release|Any CPU
		{CD2013D8-319C-4BD9-8302-233EA1544456}.Release|Any CPU.Build.0 = Release|Any CPU
		{6BCCF06A-2D61-481F-A810-726CAAD068BD}.Debug|Any CPU.ActiveCfg = Debug|Any CPU
		{6BCCF06A-2D61-481F-A810-726CAAD068BD}.Debug|Any CPU.Build.0 = Debug|Any CPU
		{6BCCF06A-2D61-481F-A810-726CAAD068BD}.Release|Any CPU.ActiveCfg = Release|Any CPU
		{6BCCF06A-2D61-481F-A810-726CAAD068BD}.Release|Any CPU.Build.0 = Release|Any CPU
		{104C5739-B8BB-432F-929C-617E26984695}.Debug|Any CPU.ActiveCfg = Debug|Any CPU
		{104C5739-B8BB-432F-929C-617E26984695}.Debug|Any CPU.Build.0 = Debug|Any CPU
		{104C5739-B8BB-432F-929C-617E26984695}.Release|Any CPU.ActiveCfg = Release|Any CPU
		{104C5739-B8BB-432F-929C-617E26984695}.Release|Any CPU.Build.0 = Release|Any CPU
		{59C5C517-FB4E-49E3-A90A-B541217F740C}.Debug|Any CPU.ActiveCfg = Debug|Any CPU
		{59C5C517-FB4E-49E3-A90A-B541217F740C}.Debug|Any CPU.Build.0 = Debug|Any CPU
		{59C5C517-FB4E-49E3-A90A-B541217F740C}.Release|Any CPU.ActiveCfg = Release|Any CPU
		{59C5C517-FB4E-49E3-A90A-B541217F740C}.Release|Any CPU.Build.0 = Release|Any CPU
		{5AA748F3-E0AC-4BCB-B6DF-EF45526585E1}.Debug|Any CPU.ActiveCfg = Debug|Any CPU
		{5AA748F3-E0AC-4BCB-B6DF-EF45526585E1}.Debug|Any CPU.Build.0 = Debug|Any CPU
		{5AA748F3-E0AC-4BCB-B6DF-EF45526585E1}.Release|Any CPU.ActiveCfg = Release|Any CPU
		{5AA748F3-E0AC-4BCB-B6DF-EF45526585E1}.Release|Any CPU.Build.0 = Release|Any CPU
		{8ED11DE5-D912-4F6D-BAA6-47281D63D5CF}.Debug|Any CPU.ActiveCfg = Debug|Any CPU
		{8ED11DE5-D912-4F6D-BAA6-47281D63D5CF}.Debug|Any CPU.Build.0 = Debug|Any CPU
		{8ED11DE5-D912-4F6D-BAA6-47281D63D5CF}.Release|Any CPU.ActiveCfg = Release|Any CPU
		{8ED11DE5-D912-4F6D-BAA6-47281D63D5CF}.Release|Any CPU.Build.0 = Release|Any CPU
		{5B75335B-35A3-4E90-9AE5-788BBBBFDCDD}.Debug|Any CPU.ActiveCfg = Debug|Any CPU
		{5B75335B-35A3-4E90-9AE5-788BBBBFDCDD}.Debug|Any CPU.Build.0 = Debug|Any CPU
		{5B75335B-35A3-4E90-9AE5-788BBBBFDCDD}.Release|Any CPU.ActiveCfg = Release|Any CPU
		{5B75335B-35A3-4E90-9AE5-788BBBBFDCDD}.Release|Any CPU.Build.0 = Release|Any CPU
		{AF74584F-D9D4-41C5-97E7-692272374A9C}.Debug|Any CPU.ActiveCfg = Debug|Any CPU
		{AF74584F-D9D4-41C5-97E7-692272374A9C}.Debug|Any CPU.Build.0 = Debug|Any CPU
		{AF74584F-D9D4-41C5-97E7-692272374A9C}.Release|Any CPU.ActiveCfg = Release|Any CPU
		{AF74584F-D9D4-41C5-97E7-692272374A9C}.Release|Any CPU.Build.0 = Release|Any CPU
		{F3B62F6A-1148-4DBF-BFFC-A473F82C8D32}.Debug|Any CPU.ActiveCfg = Debug|Any CPU
		{F3B62F6A-1148-4DBF-BFFC-A473F82C8D32}.Debug|Any CPU.Build.0 = Debug|Any CPU
		{F3B62F6A-1148-4DBF-BFFC-A473F82C8D32}.Release|Any CPU.ActiveCfg = Release|Any CPU
		{F3B62F6A-1148-4DBF-BFFC-A473F82C8D32}.Release|Any CPU.Build.0 = Release|Any CPU
		{A2ECD9DB-FB12-405A-88E0-206BAA87854A}.Debug|Any CPU.ActiveCfg = Debug|Any CPU
		{A2ECD9DB-FB12-405A-88E0-206BAA87854A}.Debug|Any CPU.Build.0 = Debug|Any CPU
		{A2ECD9DB-FB12-405A-88E0-206BAA87854A}.Release|Any CPU.ActiveCfg = Release|Any CPU
		{A2ECD9DB-FB12-405A-88E0-206BAA87854A}.Release|Any CPU.Build.0 = Release|Any CPU
		{4F036B60-A23D-4143-BAA1-995B92070C1A}.Debug|Any CPU.ActiveCfg = Debug|Any CPU
		{4F036B60-A23D-4143-BAA1-995B92070C1A}.Debug|Any CPU.Build.0 = Debug|Any CPU
		{4F036B60-A23D-4143-BAA1-995B92070C1A}.Release|Any CPU.ActiveCfg = Release|Any CPU
		{4F036B60-A23D-4143-BAA1-995B92070C1A}.Release|Any CPU.Build.0 = Release|Any CPU
		{F630C1DC-1183-40D4-B881-8A7DAC874556}.Debug|Any CPU.ActiveCfg = Debug|Any CPU
		{F630C1DC-1183-40D4-B881-8A7DAC874556}.Debug|Any CPU.Build.0 = Debug|Any CPU
		{F630C1DC-1183-40D4-B881-8A7DAC874556}.Release|Any CPU.ActiveCfg = Release|Any CPU
		{F630C1DC-1183-40D4-B881-8A7DAC874556}.Release|Any CPU.Build.0 = Release|Any CPU
		{24EBAEC5-EA62-48B3-881A-47290012E927}.Debug|Any CPU.ActiveCfg = Debug|Any CPU
		{24EBAEC5-EA62-48B3-881A-47290012E927}.Debug|Any CPU.Build.0 = Debug|Any CPU
		{24EBAEC5-EA62-48B3-881A-47290012E927}.Release|Any CPU.ActiveCfg = Release|Any CPU
		{24EBAEC5-EA62-48B3-881A-47290012E927}.Release|Any CPU.Build.0 = Release|Any CPU
		{A48A5326-FC2F-4353-8300-53DA52960316}.Debug|Any CPU.ActiveCfg = Debug|Any CPU
		{A48A5326-FC2F-4353-8300-53DA52960316}.Debug|Any CPU.Build.0 = Debug|Any CPU
		{A48A5326-FC2F-4353-8300-53DA52960316}.Release|Any CPU.ActiveCfg = Release|Any CPU
		{A48A5326-FC2F-4353-8300-53DA52960316}.Release|Any CPU.Build.0 = Release|Any CPU
		{1AACADD9-B41F-45E2-BA2C-9FC15680C48A}.Debug|Any CPU.ActiveCfg = Debug|Any CPU
		{1AACADD9-B41F-45E2-BA2C-9FC15680C48A}.Debug|Any CPU.Build.0 = Debug|Any CPU
		{1AACADD9-B41F-45E2-BA2C-9FC15680C48A}.Release|Any CPU.ActiveCfg = Release|Any CPU
		{1AACADD9-B41F-45E2-BA2C-9FC15680C48A}.Release|Any CPU.Build.0 = Release|Any CPU
		{E78459E9-0810-49DA-9146-ECAF2D11A8A5}.Debug|Any CPU.ActiveCfg = Debug|Any CPU
		{E78459E9-0810-49DA-9146-ECAF2D11A8A5}.Debug|Any CPU.Build.0 = Debug|Any CPU
		{E78459E9-0810-49DA-9146-ECAF2D11A8A5}.Release|Any CPU.ActiveCfg = Release|Any CPU
		{E78459E9-0810-49DA-9146-ECAF2D11A8A5}.Release|Any CPU.Build.0 = Release|Any CPU
	EndGlobalSection
	GlobalSection(SolutionProperties) = preSolution
		HideSolutionNode = FALSE
	EndGlobalSection
EndGlobal
